// !$*UTF8*$!
{
	archiveVersion = 1;
	classes = {
	};
	objectVersion = 46;
	objects = {

/* Begin PBXBuildFile section */
		352576421F559C1100124C68 /* AppDelegate.swift in Sources */ = {isa = PBXBuildFile; fileRef = 352576411F559C1100124C68 /* AppDelegate.swift */; };
		352576441F559C1100124C68 /* ViewController.swift in Sources */ = {isa = PBXBuildFile; fileRef = 352576431F559C1100124C68 /* ViewController.swift */; };
		352576471F559C1100124C68 /* Main.storyboard in Resources */ = {isa = PBXBuildFile; fileRef = 352576451F559C1100124C68 /* Main.storyboard */; };
		352576491F559C1100124C68 /* Assets.xcassets in Resources */ = {isa = PBXBuildFile; fileRef = 352576481F559C1100124C68 /* Assets.xcassets */; };
		3525764C1F559C1100124C68 /* LaunchScreen.storyboard in Resources */ = {isa = PBXBuildFile; fileRef = 3525764A1F559C1100124C68 /* LaunchScreen.storyboard */; };
		352576541F559C3000124C68 /* logo.png in Resources */ = {isa = PBXBuildFile; fileRef = 352576531F559C3000124C68 /* logo.png */; };
/* End PBXBuildFile section */

/* Begin PBXFileReference section */
		3525763E1F559C1100124C68 /* Gasolina ou Alcool.app */ = {isa = PBXFileReference; explicitFileType = wrapper.application; includeInIndex = 0; path = "Gasolina ou Alcool.app"; sourceTree = BUILT_PRODUCTS_DIR; };
		352576411F559C1100124C68 /* AppDelegate.swift */ = {isa = PBXFileReference; lastKnownFileType = sourcecode.swift; path = AppDelegate.swift; sourceTree = "<group>"; };
		352576431F559C1100124C68 /* ViewController.swift */ = {isa = PBXFileReference; lastKnownFileType = sourcecode.swift; path = ViewController.swift; sourceTree = "<group>"; };
		352576461F559C1100124C68 /* Base */ = {isa = PBXFileReference; lastKnownFileType = file.storyboard; name = Base; path = Base.lproj/Main.storyboard; sourceTree = "<group>"; };
		352576481F559C1100124C68 /* Assets.xcassets */ = {isa = PBXFileReference; lastKnownFileType = folder.assetcatalog; path = Assets.xcassets; sourceTree = "<group>"; };
		3525764B1F559C1100124C68 /* Base */ = {isa = PBXFileReference; lastKnownFileType = file.storyboard; name = Base; path = Base.lproj/LaunchScreen.storyboard; sourceTree = "<group>"; };
		3525764D1F559C1100124C68 /* Info.plist */ = {isa = PBXFileReference; lastKnownFileType = text.plist.xml; path = Info.plist; sourceTree = "<group>"; };
		352576531F559C3000124C68 /* logo.png */ = {isa = PBXFileReference; lastKnownFileType = image.png; path = logo.png; sourceTree = "<group>"; };
/* End PBXFileReference section */

/* Begin PBXFrameworksBuildPhase section */
		3525763B1F559C1100124C68 /* Frameworks */ = {
			isa = PBXFrameworksBuildPhase;
			buildActionMask = 2147483647;
			files = (
			);
			runOnlyForDeploymentPostprocessing = 0;
		};
/* End PBXFrameworksBuildPhase section */

/* Begin PBXGroup section */
		352576351F559C1000124C68 = {
			isa = PBXGroup;
			children = (
				352576401F559C1100124C68 /* Gasolina ou Alcool */,
				3525763F1F559C1100124C68 /* Products */,
			);
			sourceTree = "<group>";
		};
		3525763F1F559C1100124C68 /* Products */ = {
			isa = PBXGroup;
			children = (
				3525763E1F559C1100124C68 /* Gasolina ou Alcool.app */,
			);
			name = Products;
			sourceTree = "<group>";
		};
		352576401F559C1100124C68 /* Gasolina ou Alcool */ = {
			isa = PBXGroup;
			children = (
				352576531F559C3000124C68 /* logo.png */,
				352576411F559C1100124C68 /* AppDelegate.swift */,
				352576431F559C1100124C68 /* ViewController.swift */,
				352576451F559C1100124C68 /* Main.storyboard */,
				352576481F559C1100124C68 /* Assets.xcassets */,
				3525764A1F559C1100124C68 /* LaunchScreen.storyboard */,
				3525764D1F559C1100124C68 /* Info.plist */,
			);
			path = "Gasolina ou Alcool";
			sourceTree = "<group>";
		};
/* End PBXGroup section */

/* Begin PBXNativeTarget section */
		3525763D1F559C1100124C68 /* Gasolina ou Alcool */ = {
			isa = PBXNativeTarget;
			buildConfigurationList = 352576501F559C1100124C68 /* Build configuration list for PBXNativeTarget "Gasolina ou Alcool" */;
			buildPhases = (
				3525763A1F559C1100124C68 /* Sources */,
				3525763B1F559C1100124C68 /* Frameworks */,
				3525763C1F559C1100124C68 /* Resources */,
			);
			buildRules = (
			);
			dependencies = (
			);
			name = "Gasolina ou Alcool";
			productName = "Gasolina ou Alcool";
			productReference = 3525763E1F559C1100124C68 /* Gasolina ou Alcool.app */;
			productType = "com.apple.product-type.application";
		};
/* End PBXNativeTarget section */

/* Begin PBXProject section */
		352576361F559C1100124C68 /* Project object */ = {
			isa = PBXProject;
			attributes = {
				LastSwiftUpdateCheck = 0830;
				LastUpgradeCheck = 0830;
				ORGANIZATIONNAME = "Felipe Weber";
				TargetAttributes = {
					3525763D1F559C1100124C68 = {
						CreatedOnToolsVersion = 8.3.3;
						ProvisioningStyle = Automatic;
					};
				};
			};
			buildConfigurationList = 352576391F559C1100124C68 /* Build configuration list for PBXProject "Gasolina ou Alcool" */;
			compatibilityVersion = "Xcode 3.2";
			developmentRegion = English;
			hasScannedForEncodings = 0;
			knownRegions = (
				en,
				Base,
			);
			mainGroup = 352576351F559C1000124C68;
			productRefGroup = 3525763F1F559C1100124C68 /* Products */;
			projectDirPath = "";
			projectRoot = "";
			targets = (
				3525763D1F559C1100124C68 /* Gasolina ou Alcool */,
			);
		};
/* End PBXProject section */

/* Begin PBXResourcesBuildPhase section */
		3525763C1F559C1100124C68 /* Resources */ = {
			isa = PBXResourcesBuildPhase;
			buildActionMask = 2147483647;
			files = (
				352576541F559C3000124C68 /* logo.png in Resources */,
				3525764C1F559C1100124C68 /* LaunchScreen.storyboard in Resources */,
				352576491F559C1100124C68 /* Assets.xcassets in Resources */,
				352576471F559C1100124C68 /* Main.storyboard in Resources */,
			);
			runOnlyForDeploymentPostprocessing = 0;
		};
/* End PBXResourcesBuildPhase section */

/* Begin PBXSourcesBuildPhase section */
		3525763A1F559C1100124C68 /* Sources */ = {
			isa = PBXSourcesBuildPhase;
			buildActionMask = 2147483647;
			files = (
				352576441F559C1100124C68 /* ViewController.swift in Sources */,
				352576421F559C1100124C68 /* AppDelegate.swift in Sources */,
			);
			runOnlyForDeploymentPostprocessing = 0;
		};
/* End PBXSourcesBuildPhase section */

/* Begin PBXVariantGroup section */
		352576451F559C1100124C68 /* Main.storyboard */ = {
			isa = PBXVariantGroup;
			children = (
				352576461F559C1100124C68 /* Base */,
			);
			name = Main.storyboard;
			sourceTree = "<group>";
		};
		3525764A1F559C1100124C68 /* LaunchScreen.storyboard */ = {
			isa = PBXVariantGroup;
			children = (
				3525764B1F559C1100124C68 /* Base */,
			);
			name = LaunchScreen.storyboard;
			sourceTree = "<group>";
		};
/* End PBXVariantGroup section */

/* Begin XCBuildConfiguration section */
		3525764E1F559C1100124C68 /* Debug */ = {
			isa = XCBuildConfiguration;
			buildSettings = {
				ALWAYS_SEARCH_USER_PATHS = NO;
				CLANG_ANALYZER_NONNULL = YES;
				CLANG_ANALYZER_NUMBER_OBJECT_CONVERSION = YES_AGGRESSIVE;
				CLANG_CXX_LANGUAGE_STANDARD = "gnu++0x";
				CLANG_CXX_LIBRARY = "libc++";
				CLANG_ENABLE_MODULES = YES;
				CLANG_ENABLE_OBJC_ARC = YES;
				CLANG_WARN_BOOL_CONVERSION = YES;
				CLANG_WARN_CONSTANT_CONVERSION = YES;
				CLANG_WARN_DIRECT_OBJC_ISA_USAGE = YES_ERROR;
				CLANG_WARN_DOCUMENTATION_COMMENTS = YES;
				CLANG_WARN_EMPTY_BODY = YES;
				CLANG_WARN_ENUM_CONVERSION = YES;
				CLANG_WARN_INFINITE_RECURSION = YES;
				CLANG_WARN_INT_CONVERSION = YES;
				CLANG_WARN_OBJC_ROOT_CLASS = YES_ERROR;
				CLANG_WARN_SUSPICIOUS_MOVE = YES;
				CLANG_WARN_UNREACHABLE_CODE = YES;
				CLANG_WARN__DUPLICATE_METHOD_MATCH = YES;
				"CODE_SIGN_IDENTITY[sdk=iphoneos*]" = "iPhone Developer";
				COPY_PHASE_STRIP = NO;
				DEBUG_INFORMATION_FORMAT = dwarf;
				ENABLE_STRICT_OBJC_MSGSEND = YES;
				ENABLE_TESTABILITY = YES;
				GCC_C_LANGUAGE_STANDARD = gnu99;
				GCC_DYNAMIC_NO_PIC = NO;
				GCC_NO_COMMON_BLOCKS = YES;
				GCC_OPTIMIZATION_LEVEL = 0;
				GCC_PREPROCESSOR_DEFINITIONS = (
					"DEBUG=1",
					"$(inherited)",
				);
				GCC_WARN_64_TO_32_BIT_CONVERSION = YES;
				GCC_WARN_ABOUT_RETURN_TYPE = YES_ERROR;
				GCC_WARN_UNDECLARED_SELECTOR = YES;
				GCC_WARN_UNINITIALIZED_AUTOS = YES_AGGRESSIVE;
				GCC_WARN_UNUSED_FUNCTION = YES;
				GCC_WARN_UNUSED_VARIABLE = YES;
				IPHONEOS_DEPLOYMENT_TARGET = 10.3;
				MTL_ENABLE_DEBUG_INFO = YES;
				ONLY_ACTIVE_ARCH = YES;
				SDKROOT = iphoneos;
				SWIFT_ACTIVE_COMPILATION_CONDITIONS = DEBUG;
				SWIFT_OPTIMIZATION_LEVEL = "-Onone";
			};
			name = Debug;
		};
		3525764F1F559C1100124C68 /* Release */ = {
			isa = XCBuildConfiguration;
			buildSettings = {
				ALWAYS_SEARCH_USER_PATHS = NO;
				CLANG_ANALYZER_NONNULL = YES;
				CLANG_ANALYZER_NUMBER_OBJECT_CONVERSION = YES_AGGRESSIVE;
				CLANG_CXX_LANGUAGE_STANDARD = "gnu++0x";
				CLANG_CXX_LIBRARY = "libc++";
				CLANG_ENABLE_MODULES = YES;
				CLANG_ENABLE_OBJC_ARC = YES;
				CLANG_WARN_BOOL_CONVERSION = YES;
				CLANG_WARN_CONSTANT_CONVERSION = YES;
				CLANG_WARN_DIRECT_OBJC_ISA_USAGE = YES_ERROR;
				CLANG_WARN_DOCUMENTATION_COMMENTS = YES;
				CLANG_WARN_EMPTY_BODY = YES;
				CLANG_WARN_ENUM_CONVERSION = YES;
				CLANG_WARN_INFINITE_RECURSION = YES;
				CLANG_WARN_INT_CONVERSION = YES;
				CLANG_WARN_OBJC_ROOT_CLASS = YES_ERROR;
				CLANG_WARN_SUSPICIOUS_MOVE = YES;
				CLANG_WARN_UNREACHABLE_CODE = YES;
				CLANG_WARN__DUPLICATE_METHOD_MATCH = YES;
				"CODE_SIGN_IDENTITY[sdk=iphoneos*]" = "iPhone Developer";
				COPY_PHASE_STRIP = NO;
				DEBUG_INFORMATION_FORMAT = "dwarf-with-dsym";
				ENABLE_NS_ASSERTIONS = NO;
				ENABLE_STRICT_OBJC_MSGSEND = YES;
				GCC_C_LANGUAGE_STANDARD = gnu99;
				GCC_NO_COMMON_BLOCKS = YES;
				GCC_WARN_64_TO_32_BIT_CONVERSION = YES;
				GCC_WARN_ABOUT_RETURN_TYPE = YES_ERROR;
				GCC_WARN_UNDECLARED_SELECTOR = YES;
				GCC_WARN_UNINITIALIZED_AUTOS = YES_AGGRESSIVE;
				GCC_WARN_UNUSED_FUNCTION = YES;
				GCC_WARN_UNUSED_VARIABLE = YES;
				IPHONEOS_DEPLOYMENT_TARGET = 10.3;
				MTL_ENABLE_DEBUG_INFO = NO;
				SDKROOT = iphoneos;
				SWIFT_OPTIMIZATION_LEVEL = "-Owholemodule";
				VALIDATE_PRODUCT = YES;
			};
			name = Release;
		};
		352576511F559C1100124C68 /* Debug */ = {
			isa = XCBuildConfiguration;
			buildSettings = {
				ASSETCATALOG_COMPILER_APPICON_NAME = AppIcon;
				INFOPLIST_FILE = "Gasolina ou Alcool/Info.plist";
				LD_RUNPATH_SEARCH_PATHS = "$(inherited) @executable_path/Frameworks";
				PRODUCT_BUNDLE_IDENTIFIER = "com.felipeweber.Gasolina-ou-Alcool";
				PRODUCT_NAME = "$(TARGET_NAME)";
				SWIFT_VERSION = 3.0;
			};
			name = Debug;
		};
		352576521F559C1100124C68 /* Release */ = {
			isa = XCBuildConfiguration;
			buildSettings = {
				ASSETCATALOG_COMPILER_APPICON_NAME = AppIcon;
				INFOPLIST_FILE = "Gasolina ou Alcool/Info.plist";
				LD_RUNPATH_SEARCH_PATHS = "$(inherited) @executable_path/Frameworks";
				PRODUCT_BUNDLE_IDENTIFIER = "com.felipeweber.Gasolina-ou-Alcool";
				PRODUCT_NAME = "$(TARGET_NAME)";
				SWIFT_VERSION = 3.0;
			};
			name = Release;
		};
/* End XCBuildConfiguration section */

/* Begin XCConfigurationList section */
		352576391F559C1100124C68 /* Build configuration list for PBXProject "Gasolina ou Alcool" */ = {
			isa = XCConfigurationList;
			buildConfigurations = (
				3525764E1F559C1100124C68 /* Debug */,
				3525764F1F559C1100124C68 /* Release */,
			);
			defaultConfigurationIsVisible = 0;
			defaultConfigurationName = Release;
		};
		352576501F559C1100124C68 /* Build configuration list for PBXNativeTarget "Gasolina ou Alcool" */ = {
			isa = XCConfigurationList;
			buildConfigurations = (
				352576511F559C1100124C68 /* Debug */,
				352576521F559C1100124C68 /* Release */,
			);
			defaultConfigurationIsVisible = 0;
		};
/* End XCConfigurationList section */
	};
	rootObject = 352576361F559C1100124C68 /* Project object */;
}
